{
  "schema": 1,
  "generated_at": "2026-08-07-M2-ops",
  "python_supported": ["3.11", "3.12"],
  "python_notes": "All seven Python packages declare python = \"^3.11\". Suite CI validates Python 3.12. Windows hosts must use the configured absolute interpreter — the current workstation uses C:\\\\Users\\\\15072\\\\AppData\\\\Local\\\\Programs\\\\Python\\\\Python314\\\\python.exe for local verification — because bare `python` can resolve to the Microsoft Store stub. Test invocations on Windows also need `--basetemp=C:/pytest-tmp/ -o addopts=` (see AGENTS.md §3.1, §3.2).",
  "node_supported": ["22"],
  "repositories": [
    {
      "key": "core",
      "repository": "longyuanai/000shared-llm-core",
      "commit": "self",
      "path": "000shared-llm-core",
      "install_path": "."
    },
    {
      "key": "integration",
      "repository": "longyuanai/-000shared-integration",
      "commit": "4001790ce7f7bb105d92880f25f7551b9beb78e3",
      "path": "000shared-integration",
      "install_path": "."
    },
    {
      "key": "soc",
      "repository": "longyuanai/-001AI-SOC-Agent",
      "commit": "accfdfd281ab6641a1b54389519e63c37d471233",
      "path": "001AI-SOC-Agent",
      "install_path": "."
    },
    {
      "key": "vulnerability",
      "repository": "longyuanai/002AI-Vulnerability-Agent",
      "commit": "b3ce7e9fa457f3ca9ebfeaaf70691059c8b19b3e",
      "path": "002AI-Vulnerability-Agent",
      "install_path": "."
    },
    {
      "key": "lab",
      "repository": "longyuanai/003AI-Agent-Security-Lab",
      "commit": "fa71e06e02c9c300c34d1ec49de1a1fad1ca8597",
      "path": "003AI Agent安全靶场",
      "install_path": "."
    },
    {
      "key": "code",
      "repository": "longyuanai/004AI-Code-Audit",
      "commit": "e500dab917ee0fe9b4c1dbbb725ba7a86c7d82b2",
      "path": "004AI-Code-Audit",
      "install_path": "."
    },
    {
      "key": "reverse",
      "repository": "longyuanai/005AI-Reverse-Agent",
      "commit": "72a474c6977ebe28203cb6b3ebb221ab3fa4607f",
      "path": "005AI-Reverse-Agent",
      "install_path": "."
    },
    {
      "key": "firmware",
      "repository": "longyuanai/006AI-Firmware-Security-Agent",
      "commit": "25e6ca6f94df4ae863c696665a7cda9d7b0c0dc2",
      "path": "006AI-Firmware-Security-Agent",
      "install_path": "."
    },
    {
      "key": "web_ui",
      "repository": "longyuanai/web-ui",
      "commit": "e5a5274c6210df33b442686b31c5ce70130b4ae8",
      "path": "web-ui",
      "install_path": ".",
      "stack": "node",
      "node_version": "22",
      "ci_workflow": "web-ui-ci",
      "ci_steps": ["npm ci", "npm run lint", "npm run typecheck", "npm run build", "npm test"]
    }
  ]
}
