{
  "schema": 1,
  "generated_at": "2026-08-05-M2.1-closure",
  "python_supported": ["3.11"],
  "python_notes": "All seven Python packages pin python = \"^3.11\" in pyproject.toml. Windows hosts running pytest must use the absolute Python interpreter (C:\\\\Users\\\\<user>\\\\AppData\\\\Local\\\\Programs\\\\Python\\\\Python311\\\\python.exe) — bare `python` on Windows PATH can resolve to the Microsoft Store stub and surface as exit 49. Test invocations on Windows also need `--basetemp=C:/pytest-tmp/ -o addopts=` (see CLAUDE.md §3.1, §3.2).",
  "node_supported": ["22"],
  "repositories": [
    {
      "key": "core",
      "repository": "longyuanai/000shared-llm-core",
      "commit": "self",
      "path": "000shared-llm-core",
      "install_path": "."
    },
    {
      "key": "integration",
      "repository": "longyuanai/-000shared-integration",
      "commit": "0578664ba53131c682c2ec5df03161ba6399d933",
      "path": "000shared-integration",
      "install_path": "."
    },
    {
      "key": "soc",
      "repository": "longyuanai/-001AI-SOC-Agent",
      "commit": "accfdfd281ab6641a1b54389519e63c37d471233",
      "path": "001AI-SOC-Agent",
      "install_path": "."
    },
    {
      "key": "vulnerability",
      "repository": "longyuanai/002AI-Vulnerability-Agent",
      "commit": "b3ce7e9fa457f3ca9ebfeaaf70691059c8b19b3e",
      "path": "002AI-Vulnerability-Agent",
      "install_path": "."
    },
    {
      "key": "lab",
      "repository": "longyuanai/003AI-Agent-Security-Lab",
      "commit": "3862acfbe430cc09654c22d8684900a768cd3071",
      "path": "003AI Agent安全靶场",
      "install_path": "."
    },
    {
      "key": "code",
      "repository": "longyuanai/004AI-Code-Audit",
      "commit": "3969b30fc07e2f00794607e7cc9ab3a93e8f28e0",
      "path": "004AI-Code-Audit",
      "install_path": "."
    },
    {
      "key": "reverse",
      "repository": "longyuanai/005AI-Reverse-Agent",
      "commit": "72a474c6977ebe28203cb6b3ebb221ab3fa4607f",
      "path": "005AI-Reverse-Agent",
      "install_path": "."
    },
    {
      "key": "firmware",
      "repository": "longyuanai/006AI-Firmware-Security-Agent",
      "commit": "25e6ca6f94df4ae863c696665a7cda9d7b0c0dc2",
      "path": "006AI-Firmware-Security-Agent",
      "install_path": "."
    },
    {
      "key": "web_ui",
      "repository": "longyuanai/web-ui",
      "commit": "3f814afb9bf26d37f3fa9b7d175c7bd2e40d372f",
      "path": "web-ui",
      "install_path": ".",
      "stack": "node",
      "node_version": "22",
      "ci_workflow": "web-ui-ci",
      "ci_steps": ["npm ci", "npm run lint", "npm run typecheck", "npm run build", "npm test"]
    }
  ]
}
